
Microsoft Visual Studio Solution File, Format Version 12.00
# Visual Studio Version 16
VisualStudioVersion = 16.0.29215.179
MinimumVisualStudioVersion = 10.0.40219.1
Project("{FAE04EC0-301F-11D3-BF4B-00C04F79EFBC}") = "DailyBlogger", "DailyBlogger\DailyBlogger.csproj", "{6DD66765-998D-4B16-A09D-C74140136742}"
EndProject
Global
	GlobalSection(SolutionConfigurationPlatforms) = preSolution
		Debug|Any CPU = Debug|Any CPU
		Release|Any CPU = Release|Any CPU
	EndGlobalSection
	GlobalSection(ProjectConfigurationPlatforms) = postSolution
		{6DD66765-998D-4B16-A09D-C74140136742}.Debug|Any CPU.ActiveCfg = Debug|Any CPU
		{6DD66765-998D-4B16-A09D-C74140136742}.Debug|Any CPU.Build.0 = Debug|Any CPU
		{6DD66765-998D-4B16-A09D-C74140136742}.Release|Any CPU.ActiveCfg = Release|Any CPU
		{6DD66765-998D-4B16-A09D-C74140136742}.Release|Any CPU.Build.0 = Release|Any CPU
	EndGlobalSection
	GlobalSection(SolutionProperties) = preSolution
		HideSolutionNode = FALSE
	EndGlobalSection
	GlobalSection(ExtensibilityGlobals) = postSolution
		SolutionGuid = {4F379585-D4C5-490D-88EA-4B1F2A0316CD}
	EndGlobalSection
EndGlobal
